{
  "nodes": {
    "deno": {
      "flake": false,
      "locked": {
        "lastModified": 1738303706,
        "narHash": "sha256-dWjGQc1uV4OT9pWfytZnDgzhSLO+K+2K36RphXmFSYQ=",
        "owner": "denoland",
        "repo": "deno",
        "rev": "08cc22105f092f556f463e9245a3427d319d4b13",
        "type": "github"
      },
      "original": {
        "owner": "denoland",
        "repo": "deno",
        "type": "github"
      }
    },
    "nixpkgs": {
      "locked": {
        "lastModified": 1738142207,
        "narHash": "sha256-NGqpVVxNAHwIicXpgaVqJEJWeyqzoQJ9oc8lnK9+WC4=",
        "owner": "nixos",
        "repo": "nixpkgs",
        "rev": "9d3ae807ebd2981d593cddd0080856873139aa40",
        "type": "github"
      },
      "original": {
        "owner": "nixos",
        "ref": "nixos-unstable",
        "repo": "nixpkgs",
        "type": "github"
      }
    },
    "root": {
      "inputs": {
        "deno": "deno",
        "nixpkgs": "nixpkgs"
      }
    }
  },
  "root": "root",
  "version": 7
}
